// !$*UTF8*$!
{
	archiveVersion = 1;
	classes = {
	};
	objectVersion = 50;
	objects = {

/* Begin PBXBuildFile section */
		BF0EBE8E24D91AF400858E4F /* AppDelegate.swift in Sources */ = {isa = PBXBuildFile; fileRef = BF0EBE8D24D91AF400858E4F /* AppDelegate.swift */; };
		BF0EBE9024D91AF500858E4F /* SceneDelegate.swift in Sources */ = {isa = PBXBuildFile; fileRef = BF0EBE8F24D91AF500858E4F /* SceneDelegate.swift */; };
		BF0EBE9324D91AF500858E4F /* coredatademo.xcdatamodeld in Sources */ = {isa = PBXBuildFile; fileRef = BF0EBE9124D91AF500858E4F /* coredatademo.xcdatamodeld */; };
		BF0EBE9524D91AF500858E4F /* ContentView.swift in Sources */ = {isa = PBXBuildFile; fileRef = BF0EBE9424D91AF500858E4F /* ContentView.swift */; };
		BF0EBE9724D91AF800858E4F /* Assets.xcassets in Resources */ = {isa = PBXBuildFile; fileRef = BF0EBE9624D91AF800858E4F /* Assets.xcassets */; };
		BF0EBE9A24D91AF800858E4F /* Preview Assets.xcassets in Resources */ = {isa = PBXBuildFile; fileRef = BF0EBE9924D91AF800858E4F /* Preview Assets.xcassets */; };
		BF0EBE9D24D91AF800858E4F /* LaunchScreen.storyboard in Resources */ = {isa = PBXBuildFile; fileRef = BF0EBE9B24D91AF800858E4F /* LaunchScreen.storyboard */; };
		BF0EBEAA24D91E1B00858E4F /* Person+CoreDataClass.swift in Sources */ = {isa = PBXBuildFile; fileRef = BF0EBEA824D91E1B00858E4F /* Person+CoreDataClass.swift */; };
/* End PBXBuildFile section */

/* Begin PBXFileReference section */
		BF0EBE8A24D91AF400858E4F /* coredatademo.app */ = {isa = PBXFileReference; explicitFileType = wrapper.application; includeInIndex = 0; path = coredatademo.app; sourceTree = BUILT_PRODUCTS_DIR; };
		BF0EBE8D24D91AF400858E4F /* AppDelegate.swift */ = {isa = PBXFileReference; lastKnownFileType = sourcecode.swift; path = AppDelegate.swift; sourceTree = "<group>"; };
		BF0EBE8F24D91AF500858E4F /* SceneDelegate.swift */ = {isa = PBXFileReference; lastKnownFileType = sourcecode.swift; path = SceneDelegate.swift; sourceTree = "<group>"; };
		BF0EBE9224D91AF500858E4F /* coredatademo.xcdatamodel */ = {isa = PBXFileReference; lastKnownFileType = wrapper.xcdatamodel; path = coredatademo.xcdatamodel; sourceTree = "<group>"; };
		BF0EBE9424D91AF500858E4F /* ContentView.swift */ = {isa = PBXFileReference; lastKnownFileType = sourcecode.swift; path = ContentView.swift; sourceTree = "<group>"; };
		BF0EBE9624D91AF800858E4F /* Assets.xcassets */ = {isa = PBXFileReference; lastKnownFileType = folder.assetcatalog; path = Assets.xcassets; sourceTree = "<group>"; };
		BF0EBE9924D91AF800858E4F /* Preview Assets.xcassets */ = {isa = PBXFileReference; lastKnownFileType = folder.assetcatalog; path = "Preview Assets.xcassets"; sourceTree = "<group>"; };
		BF0EBE9C24D91AF800858E4F /* Base */ = {isa = PBXFileReference; lastKnownFileType = file.storyboard; name = Base; path = Base.lproj/LaunchScreen.storyboard; sourceTree = "<group>"; };
		BF0EBE9E24D91AF800858E4F /* Info.plist */ = {isa = PBXFileReference; lastKnownFileType = text.plist.xml; path = Info.plist; sourceTree = "<group>"; };
		BF0EBEA824D91E1B00858E4F /* Person+CoreDataClass.swift */ = {isa = PBXFileReference; lastKnownFileType = sourcecode.swift; path = "Person+CoreDataClass.swift"; sourceTree = "<group>"; };
		BF0EBEAC24DA72A000858E4F /* README.md */ = {isa = PBXFileReference; lastKnownFileType = net.daringfireball.markdown; path = README.md; sourceTree = "<group>"; };
/* End PBXFileReference section */

/* Begin PBXFrameworksBuildPhase section */
		BF0EBE8724D91AF400858E4F /* Frameworks */ = {
			isa = PBXFrameworksBuildPhase;
			buildActionMask = 2147483647;
			files = (
			);
			runOnlyForDeploymentPostprocessing = 0;
		};
/* End PBXFrameworksBuildPhase section */

/* Begin PBXGroup section */
		BF0EBE8124D91AF400858E4F = {
			isa = PBXGroup;
			children = (
				BF0EBEAC24DA72A000858E4F /* README.md */,
				BF0EBE8C24D91AF400858E4F /* coredatademo */,
				BF0EBE8B24D91AF400858E4F /* Products */,
			);
			sourceTree = "<group>";
		};
		BF0EBE8B24D91AF400858E4F /* Products */ = {
			isa = PBXGroup;
			children = (
				BF0EBE8A24D91AF400858E4F /* coredatademo.app */,
			);
			name = Products;
			sourceTree = "<group>";
		};
		BF0EBE8C24D91AF400858E4F /* coredatademo */ = {
			isa = PBXGroup;
			children = (
				BF0EBEA824D91E1B00858E4F /* Person+CoreDataClass.swift */,
				BF0EBE8D24D91AF400858E4F /* AppDelegate.swift */,
				BF0EBE8F24D91AF500858E4F /* SceneDelegate.swift */,
				BF0EBE9424D91AF500858E4F /* ContentView.swift */,
				BF0EBE9624D91AF800858E4F /* Assets.xcassets */,
				BF0EBE9B24D91AF800858E4F /* LaunchScreen.storyboard */,
				BF0EBE9E24D91AF800858E4F /* Info.plist */,
				BF0EBE9124D91AF500858E4F /* coredatademo.xcdatamodeld */,
				BF0EBE9824D91AF800858E4F /* Preview Content */,
			);
			path = coredatademo;
			sourceTree = "<group>";
		};
		BF0EBE9824D91AF800858E4F /* Preview Content */ = {
			isa = PBXGroup;
			children = (
				BF0EBE9924D91AF800858E4F /* Preview Assets.xcassets */,
			);
			path = "Preview Content";
			sourceTree = "<group>";
		};
/* End PBXGroup section */

/* Begin PBXNativeTarget section */
		BF0EBE8924D91AF400858E4F /* coredatademo */ = {
			isa = PBXNativeTarget;
			buildConfigurationList = BF0EBEA124D91AF800858E4F /* Build configuration list for PBXNativeTarget "coredatademo" */;
			buildPhases = (
				BF0EBE8624D91AF400858E4F /* Sources */,
				BF0EBE8724D91AF400858E4F /* Frameworks */,
				BF0EBE8824D91AF400858E4F /* Resources */,
			);
			buildRules = (
			);
			dependencies = (
			);
			name = coredatademo;
			productName = coredatademo;
			productReference = BF0EBE8A24D91AF400858E4F /* coredatademo.app */;
			productType = "com.apple.product-type.application";
		};
/* End PBXNativeTarget section */

/* Begin PBXProject section */
		BF0EBE8224D91AF400858E4F /* Project object */ = {
			isa = PBXProject;
			attributes = {
				LastSwiftUpdateCheck = 1130;
				LastUpgradeCheck = 1130;
				ORGANIZATIONNAME = "David Bates";
				TargetAttributes = {
					BF0EBE8924D91AF400858E4F = {
						CreatedOnToolsVersion = 11.3.1;
					};
				};
			};
			buildConfigurationList = BF0EBE8524D91AF400858E4F /* Build configuration list for PBXProject "coredatademo" */;
			compatibilityVersion = "Xcode 9.3";
			developmentRegion = en;
			hasScannedForEncodings = 0;
			knownRegions = (
				en,
				Base,
			);
			mainGroup = BF0EBE8124D91AF400858E4F;
			productRefGroup = BF0EBE8B24D91AF400858E4F /* Products */;
			projectDirPath = "";
			projectRoot = "";
			targets = (
				BF0EBE8924D91AF400858E4F /* coredatademo */,
			);
		};
/* End PBXProject section */

/* Begin PBXResourcesBuildPhase section */
		BF0EBE8824D91AF400858E4F /* Resources */ = {
			isa = PBXResourcesBuildPhase;
			buildActionMask = 2147483647;
			files = (
				BF0EBE9D24D91AF800858E4F /* LaunchScreen.storyboard in Resources */,
				BF0EBE9A24D91AF800858E4F /* Preview Assets.xcassets in Resources */,
				BF0EBE9724D91AF800858E4F /* Assets.xcassets in Resources */,
			);
			runOnlyForDeploymentPostprocessing = 0;
		};
/* End PBXResourcesBuildPhase section */

/* Begin PBXSourcesBuildPhase section */
		BF0EBE8624D91AF400858E4F /* Sources */ = {
			isa = PBXSourcesBuildPhase;
			buildActionMask = 2147483647;
			files = (
				BF0EBE8E24D91AF400858E4F /* AppDelegate.swift in Sources */,
				BF0EBE9024D91AF500858E4F /* SceneDelegate.swift in Sources */,
				BF0EBEAA24D91E1B00858E4F /* Person+CoreDataClass.swift in Sources */,
				BF0EBE9524D91AF500858E4F /* ContentView.swift in Sources */,
				BF0EBE9324D91AF500858E4F /* coredatademo.xcdatamodeld in Sources */,
			);
			runOnlyForDeploymentPostprocessing = 0;
		};
/* End PBXSourcesBuildPhase section */

/* Begin PBXVariantGroup section */
		BF0EBE9B24D91AF800858E4F /* LaunchScreen.storyboard */ = {
			isa = PBXVariantGroup;
			children = (
				BF0EBE9C24D91AF800858E4F /* Base */,
			);
			name = LaunchScreen.storyboard;
			sourceTree = "<group>";
		};
/* End PBXVariantGroup section */

/* Begin XCBuildConfiguration section */
		BF0EBE9F24D91AF800858E4F /* Debug */ = {
			isa = XCBuildConfiguration;
			buildSettings = {
				ALWAYS_SEARCH_USER_PATHS = NO;
				CLANG_ANALYZER_NONNULL = YES;
				CLANG_ANALYZER_NUMBER_OBJECT_CONVERSION = YES_AGGRESSIVE;
				CLANG_CXX_LANGUAGE_STANDARD = "gnu++14";
				CLANG_CXX_LIBRARY = "libc++";
				CLANG_ENABLE_MODULES = YES;
				CLANG_ENABLE_OBJC_ARC = YES;
				CLANG_ENABLE_OBJC_WEAK = YES;
				CLANG_WARN_BLOCK_CAPTURE_AUTORELEASING = YES;
				CLANG_WARN_BOOL_CONVERSION = YES;
				CLANG_WARN_COMMA = YES;
				CLANG_WARN_CONSTANT_CONVERSION = YES;
				CLANG_WARN_DEPRECATED_OBJC_IMPLEMENTATIONS = YES;
				CLANG_WARN_DIRECT_OBJC_ISA_USAGE = YES_ERROR;
				CLANG_WARN_DOCUMENTATION_COMMENTS = YES;
				CLANG_WARN_EMPTY_BODY = YES;
				CLANG_WARN_ENUM_CONVERSION = YES;
				CLANG_WARN_INFINITE_RECURSION = YES;
				CLANG_WARN_INT_CONVERSION = YES;
				CLANG_WARN_NON_LITERAL_NULL_CONVERSION = YES;
				CLANG_WARN_OBJC_IMPLICIT_RETAIN_SELF = YES;
				CLANG_WARN_OBJC_LITERAL_CONVERSION = YES;
				CLANG_WARN_OBJC_ROOT_CLASS = YES_ERROR;
				CLANG_WARN_RANGE_LOOP_ANALYSIS = YES;
				CLANG_WARN_STRICT_PROTOTYPES = YES;
				CLANG_WARN_SUSPICIOUS_MOVE = YES;
				CLANG_WARN_UNGUARDED_AVAILABILITY = YES_AGGRESSIVE;
				CLANG_WARN_UNREACHABLE_CODE = YES;
				CLANG_WARN__DUPLICATE_METHOD_MATCH = YES;
				COPY_PHASE_STRIP = NO;
				DEBUG_INFORMATION_FORMAT = dwarf;
				ENABLE_STRICT_OBJC_MSGSEND = YES;
				ENABLE_TESTABILITY = YES;
				GCC_C_LANGUAGE_STANDARD = gnu11;
				GCC_DYNAMIC_NO_PIC = NO;
				GCC_NO_COMMON_BLOCKS = YES;
				GCC_OPTIMIZATION_LEVEL = 0;
				GCC_PREPROCESSOR_DEFINITIONS = (
					"DEBUG=1",
					"$(inherited)",
				);
				GCC_WARN_64_TO_32_BIT_CONVERSION = YES;
				GCC_WARN_ABOUT_RETURN_TYPE = YES_ERROR;
				GCC_WARN_UNDECLARED_SELECTOR = YES;
				GCC_WARN_UNINITIALIZED_AUTOS = YES_AGGRESSIVE;
				GCC_WARN_UNUSED_FUNCTION = YES;
				GCC_WARN_UNUSED_VARIABLE = YES;
				IPHONEOS_DEPLOYMENT_TARGET = 13.2;
				MTL_ENABLE_DEBUG_INFO = INCLUDE_SOURCE;
				MTL_FAST_MATH = YES;
				ONLY_ACTIVE_ARCH = YES;
				SDKROOT = iphoneos;
				SWIFT_ACTIVE_COMPILATION_CONDITIONS = DEBUG;
				SWIFT_OPTIMIZATION_LEVEL = "-Onone";
			};
			name = Debug;
		};
		BF0EBEA024D91AF800858E4F /* Release */ = {
			isa = XCBuildConfiguration;
			buildSettings = {
				ALWAYS_SEARCH_USER_PATHS = NO;
				CLANG_ANALYZER_NONNULL = YES;
				CLANG_ANALYZER_NUMBER_OBJECT_CONVERSION = YES_AGGRESSIVE;
				CLANG_CXX_LANGUAGE_STANDARD = "gnu++14";
				CLANG_CXX_LIBRARY = "libc++";
				CLANG_ENABLE_MODULES = YES;
				CLANG_ENABLE_OBJC_ARC = YES;
				CLANG_ENABLE_OBJC_WEAK = YES;
				CLANG_WARN_BLOCK_CAPTURE_AUTORELEASING = YES;
				CLANG_WARN_BOOL_CONVERSION = YES;
				CLANG_WARN_COMMA = YES;
				CLANG_WARN_CONSTANT_CONVERSION = YES;
				CLANG_WARN_DEPRECATED_OBJC_IMPLEMENTATIONS = YES;
				CLANG_WARN_DIRECT_OBJC_ISA_USAGE = YES_ERROR;
				CLANG_WARN_DOCUMENTATION_COMMENTS = YES;
				CLANG_WARN_EMPTY_BODY = YES;
				CLANG_WARN_ENUM_CONVERSION = YES;
				CLANG_WARN_INFINITE_RECURSION = YES;
				CLANG_WARN_INT_CONVERSION = YES;
				CLANG_WARN_NON_LITERAL_NULL_CONVERSION = YES;
				CLANG_WARN_OBJC_IMPLICIT_RETAIN_SELF = YES;
				CLANG_WARN_OBJC_LITERAL_CONVERSION = YES;
				CLANG_WARN_OBJC_ROOT_CLASS = YES_ERROR;
				CLANG_WARN_RANGE_LOOP_ANALYSIS = YES;
				CLANG_WARN_STRICT_PROTOTYPES = YES;
				CLANG_WARN_SUSPICIOUS_MOVE = YES;
				CLANG_WARN_UNGUARDED_AVAILABILITY = YES_AGGRESSIVE;
				CLANG_WARN_UNREACHABLE_CODE = YES;
				CLANG_WARN__DUPLICATE_METHOD_MATCH = YES;
				COPY_PHASE_STRIP = NO;
				DEBUG_INFORMATION_FORMAT = "dwarf-with-dsym";
				ENABLE_NS_ASSERTIONS = NO;
				ENABLE_STRICT_OBJC_MSGSEND = YES;
				GCC_C_LANGUAGE_STANDARD = gnu11;
				GCC_NO_COMMON_BLOCKS = YES;
				GCC_WARN_64_TO_32_BIT_CONVERSION = YES;
				GCC_WARN_ABOUT_RETURN_TYPE = YES_ERROR;
				GCC_WARN_UNDECLARED_SELECTOR = YES;
				GCC_WARN_UNINITIALIZED_AUTOS = YES_AGGRESSIVE;
				GCC_WARN_UNUSED_FUNCTION = YES;
				GCC_WARN_UNUSED_VARIABLE = YES;
				IPHONEOS_DEPLOYMENT_TARGET = 13.2;
				MTL_ENABLE_DEBUG_INFO = NO;
				MTL_FAST_MATH = YES;
				SDKROOT = iphoneos;
				SWIFT_COMPILATION_MODE = wholemodule;
				SWIFT_OPTIMIZATION_LEVEL = "-O";
				VALIDATE_PRODUCT = YES;
			};
			name = Release;
		};
		BF0EBEA224D91AF800858E4F /* Debug */ = {
			isa = XCBuildConfiguration;
			buildSettings = {
				ASSETCATALOG_COMPILER_APPICON_NAME = AppIcon;
				CODE_SIGN_STYLE = Automatic;
				DEVELOPMENT_ASSET_PATHS = "\"coredatademo/Preview Content\"";
				DEVELOPMENT_TEAM = "";
				ENABLE_PREVIEWS = YES;
				INFOPLIST_FILE = coredatademo/Info.plist;
				LD_RUNPATH_SEARCH_PATHS = (
					"$(inherited)",
					"@executable_path/Frameworks",
				);
				PRODUCT_BUNDLE_IDENTIFIER = com.davidbates.coredatademo;
				PRODUCT_NAME = "$(TARGET_NAME)";
				SWIFT_VERSION = 5.0;
				TARGETED_DEVICE_FAMILY = "1,2";
			};
			name = Debug;
		};
		BF0EBEA324D91AF800858E4F /* Release */ = {
			isa = XCBuildConfiguration;
			buildSettings = {
				ASSETCATALOG_COMPILER_APPICON_NAME = AppIcon;
				CODE_SIGN_STYLE = Automatic;
				DEVELOPMENT_ASSET_PATHS = "\"coredatademo/Preview Content\"";
				DEVELOPMENT_TEAM = "";
				ENABLE_PREVIEWS = YES;
				INFOPLIST_FILE = coredatademo/Info.plist;
				LD_RUNPATH_SEARCH_PATHS = (
					"$(inherited)",
					"@executable_path/Frameworks",
				);
				PRODUCT_BUNDLE_IDENTIFIER = com.davidbates.coredatademo;
				PRODUCT_NAME = "$(TARGET_NAME)";
				SWIFT_VERSION = 5.0;
				TARGETED_DEVICE_FAMILY = "1,2";
			};
			name = Release;
		};
/* End XCBuildConfiguration section */

/* Begin XCConfigurationList section */
		BF0EBE8524D91AF400858E4F /* Build configuration list for PBXProject "coredatademo" */ = {
			isa = XCConfigurationList;
			buildConfigurations = (
				BF0EBE9F24D91AF800858E4F /* Debug */,
				BF0EBEA024D91AF800858E4F /* Release */,
			);
			defaultConfigurationIsVisible = 0;
			defaultConfigurationName = Release;
		};
		BF0EBEA124D91AF800858E4F /* Build configuration list for PBXNativeTarget "coredatademo" */ = {
			isa = XCConfigurationList;
			buildConfigurations = (
				BF0EBEA224D91AF800858E4F /* Debug */,
				BF0EBEA324D91AF800858E4F /* Release */,
			);
			defaultConfigurationIsVisible = 0;
			defaultConfigurationName = Release;
		};
/* End XCConfigurationList section */

/* Begin XCVersionGroup section */
		BF0EBE9124D91AF500858E4F /* coredatademo.xcdatamodeld */ = {
			isa = XCVersionGroup;
			children = (
				BF0EBE9224D91AF500858E4F /* coredatademo.xcdatamodel */,
			);
			currentVersion = BF0EBE9224D91AF500858E4F /* coredatademo.xcdatamodel */;
			path = coredatademo.xcdatamodeld;
			sourceTree = "<group>";
			versionGroupType = wrapper.xcdatamodel;
		};
/* End XCVersionGroup section */
	};
	rootObject = BF0EBE8224D91AF400858E4F /* Project object */;
}
